# This file was autogenerated by Stack.
# You should not edit this file by hand.
# For more information, please see the documentation at:
#   https://docs.haskellstack.org/en/stable/lock_files

packages:
- completed:
    hackage: fused-effects-lens-0.1.0.0@sha256:881c08793ce23bca3096991a1dc39ba8f06dca46fb6a88b24f6d1f422923451e,1377
    pantry-tree:
      size: 380
      sha256: 371ac856ae1f5fe18bc6d04f462e200fd6b0163ca34a7a1a11cdabce416e8ed6
  original:
    hackage: fused-effects-lens-0.1.0.0
- completed:
    hackage: polysemy-0.2.0.0@sha256:e72ab018a40ab290701ae0ee090c45ceb16e317aec3188945db998dfa3965002,3860
    pantry-tree:
      size: 2288
      sha256: fb338bf13008a24b3dbb13a1ee77d6f16f1bdfd5f257db5ac99196190416e974
  original:
    hackage: polysemy-0.2.0.0
- completed:
    hackage: extensible-effects-5.0.0.1@sha256:2ed0bee04c8bf334358147da6d92ff31e9fbbefceb75ef3e408a0d858aec0cc6,9013
    pantry-tree:
      size: 3306
      sha256: 4c520f1ccb76ed1d304cb5967e6679e31c907d3c0ba5d7e4a459e827b9a08173
  original:
    hackage: extensible-effects-5.0.0.1
snapshots:
- completed:
    size: 498398
    url: https://raw.githubusercontent.com/commercialhaskell/stackage-snapshots/master/lts/13/23.yaml
    sha256: 63151ca76f39d5cfbd266ce019236459fdda53fbefd2200aedeb33bcc81f808e
  original: lts-13.23
